
Microsoft Visual Studio Solution File, Format Version 12.00
# Visual Studio Version 17
VisualStudioVersion = 17.8.34525.116
MinimumVisualStudioVersion = 10.0.40219.1
Project("{FAE04EC0-301F-11D3-BF4B-00C04F79EFBC}") = "Lab101", "Lab10_1\Lab101.csproj", "{B4B3A0FD-B0D6-436A-8C22-E2C3BCEC5522}"
EndProject
Global
	GlobalSection(SolutionConfigurationPlatforms) = preSolution
		Debug|Any CPU = Debug|Any CPU
		Release|Any CPU = Release|Any CPU
	EndGlobalSection
	GlobalSection(ProjectConfigurationPlatforms) = postSolution
		{B4B3A0FD-B0D6-436A-8C22-E2C3BCEC5522}.Debug|Any CPU.ActiveCfg = Debug|Any CPU
		{B4B3A0FD-B0D6-436A-8C22-E2C3BCEC5522}.Debug|Any CPU.Build.0 = Debug|Any CPU
		{B4B3A0FD-B0D6-436A-8C22-E2C3BCEC5522}.Release|Any CPU.ActiveCfg = Release|Any CPU
		{B4B3A0FD-B0D6-436A-8C22-E2C3BCEC5522}.Release|Any CPU.Build.0 = Release|Any CPU
	EndGlobalSection
	GlobalSection(SolutionProperties) = preSolution
		HideSolutionNode = FALSE
	EndGlobalSection
	GlobalSection(ExtensibilityGlobals) = postSolution
		SolutionGuid = {70603A0E-4A32-496C-80D1-DA591F32E011}
	EndGlobalSection
EndGlobal
